
Microsoft Visual Studio Solution File, Format Version 12.00
# Visual Studio 15
VisualStudioVersion = 15.0.28307.1145
MinimumVisualStudioVersion = 10.0.40219.1
Project("{8BC9CEB8-8B4A-11D0-8D11-00A0C91BC942}") = "spatial_audio", "spatial_audio\spatial_audio.vcxproj", "{D240C317-3324-41B1-9195-1B8C0A15F716}"
EndProject
Global
	GlobalSection(SolutionConfigurationPlatforms) = preSolution
		Debug|x64 = Debug|x64
		Debug|x86 = Debug|x86
		Release|x64 = Release|x64
		Release|x86 = Release|x86
	EndGlobalSection
	GlobalSection(ProjectConfigurationPlatforms) = postSolution
		{D240C317-3324-41B1-9195-1B8C0A15F716}.Debug|x64.ActiveCfg = Debug|x64
		{D240C317-3324-41B1-9195-1B8C0A15F716}.Debug|x64.Build.0 = Debug|x64
		{D240C317-3324-41B1-9195-1B8C0A15F716}.Debug|x86.ActiveCfg = Debug|Win32
		{D240C317-3324-41B1-9195-1B8C0A15F716}.Debug|x86.Build.0 = Debug|Win32
		{D240C317-3324-41B1-9195-1B8C0A15F716}.Release|x64.ActiveCfg = Release|x64
		{D240C317-3324-41B1-9195-1B8C0A15F716}.Release|x64.Build.0 = Release|x64
		{D240C317-3324-41B1-9195-1B8C0A15F716}.Release|x86.ActiveCfg = Release|Win32
		{D240C317-3324-41B1-9195-1B8C0A15F716}.Release|x86.Build.0 = Release|Win32
	EndGlobalSection
	GlobalSection(SolutionProperties) = preSolution
		HideSolutionNode = FALSE
	EndGlobalSection
	GlobalSection(ExtensibilityGlobals) = postSolution
		SolutionGuid = {1DA18DCC-52D6-405D-BC91-848706CD9AA0}
	EndGlobalSection
EndGlobal
