// !$*UTF8*$!
{
	archiveVersion = 1;
	classes = {
	};
	objectVersion = 50;
	objects = {

/* Begin PBXBuildFile section */
		E51C93E724BBEF8300A9777F /* AppDelegate.swift in Sources */ = {isa = PBXBuildFile; fileRef = E51C93E624BBEF8300A9777F /* AppDelegate.swift */; };
		E51C93EB24BBEF8300A9777F /* ViewController.swift in Sources */ = {isa = PBXBuildFile; fileRef = E51C93EA24BBEF8300A9777F /* ViewController.swift */; };
		E51C93EE24BBEF8300A9777F /* Main.storyboard in Resources */ = {isa = PBXBuildFile; fileRef = E51C93EC24BBEF8300A9777F /* Main.storyboard */; };
		E51C93F024BBEF8600A9777F /* Assets.xcassets in Resources */ = {isa = PBXBuildFile; fileRef = E51C93EF24BBEF8600A9777F /* Assets.xcassets */; };
		E51C93F324BBEF8600A9777F /* LaunchScreen.storyboard in Resources */ = {isa = PBXBuildFile; fileRef = E51C93F124BBEF8600A9777F /* LaunchScreen.storyboard */; };
		E51C945024BC01D700A9777F /* libcrypto.a in Frameworks */ = {isa = PBXBuildFile; fileRef = E51C944F24BC01D700A9777F /* libcrypto.a */; };
		E59EE4C724BEEB3B0065ABE2 /* libAgoraRtcCryptoLoader.a in Frameworks */ = {isa = PBXBuildFile; fileRef = E59EE4AF24BEEAFE0065ABE2 /* libAgoraRtcCryptoLoader.a */; };
		E59EE4CB24BEEB670065ABE2 /* libagora_rtm_sdk.dylib in Frameworks */ = {isa = PBXBuildFile; fileRef = E59EE4CA24BEEB670065ABE2 /* libagora_rtm_sdk.dylib */; };
		E59EE4CC24BEEB6F0065ABE2 /* libagora_rtm_sdk.dylib in Embed Frameworks */ = {isa = PBXBuildFile; fileRef = E59EE4CA24BEEB670065ABE2 /* libagora_rtm_sdk.dylib */; settings = {ATTRIBUTES = (CodeSignOnCopy, ); }; };
		E5CA992424D008B7001720F9 /* AgoraRtcKit.framework in Frameworks */ = {isa = PBXBuildFile; fileRef = E5CA991B24D0089A001720F9 /* AgoraRtcKit.framework */; };
		E5CA992524D008B7001720F9 /* AgoraRtcKit.framework in Embed Frameworks */ = {isa = PBXBuildFile; fileRef = E5CA991B24D0089A001720F9 /* AgoraRtcKit.framework */; settings = {ATTRIBUTES = (CodeSignOnCopy, RemoveHeadersOnCopy, ); }; };
		E5E5AACA24BC54C8005BCC9D /* YGLayout.m in Sources */ = {isa = PBXBuildFile; fileRef = E5E5AAC124BC54C8005BCC9D /* YGLayout.m */; };
		E5E5AACB24BC54C8005BCC9D /* YGLayoutExtensions.swift in Sources */ = {isa = PBXBuildFile; fileRef = E5E5AAC224BC54C8005BCC9D /* YGLayoutExtensions.swift */; };
		E5E5AACC24BC54C8005BCC9D /* YGNodeList.c in Sources */ = {isa = PBXBuildFile; fileRef = E5E5AAC324BC54C8005BCC9D /* YGNodeList.c */; };
		E5E5AACD24BC54C8005BCC9D /* UIView+Yoga.m in Sources */ = {isa = PBXBuildFile; fileRef = E5E5AAC524BC54C8005BCC9D /* UIView+Yoga.m */; };
		E5E5AACE24BC54C8005BCC9D /* Yoga.c in Sources */ = {isa = PBXBuildFile; fileRef = E5E5AAC924BC54C8005BCC9D /* Yoga.c */; };
		E5E5AAE324BC57EC005BCC9D /* SettingVC.swift in Sources */ = {isa = PBXBuildFile; fileRef = E5E5AAE224BC57EC005BCC9D /* SettingVC.swift */; };
		E5E5AAE524BC6018005BCC9D /* ConfigModel.swift in Sources */ = {isa = PBXBuildFile; fileRef = E5E5AAE424BC6018005BCC9D /* ConfigModel.swift */; };
/* End PBXBuildFile section */

/* Begin PBXContainerItemProxy section */
		E59EE4AE24BEEAFE0065ABE2 /* PBXContainerItemProxy */ = {
			isa = PBXContainerItemProxy;
			containerPortal = E59EE4AA24BEEAFE0065ABE2 /* AgoraRtcCryptoLoader.xcodeproj */;
			proxyType = 2;
			remoteGlobalIDString = 20369E3F1E1E3AB200AE1906;
			remoteInfo = AgoraRtcCryptoLoader;
		};
		E5CA991A24D0089A001720F9 /* PBXContainerItemProxy */ = {
			isa = PBXContainerItemProxy;
			containerPortal = E5CA990424D0089A001720F9 /* AgoraRtcKit.xcodeproj */;
			proxyType = 2;
			remoteGlobalIDString = E5CA990B24D0089A001720F9;
			remoteInfo = "build-AgoraRtcKit";
		};
		E5CA992124D008A4001720F9 /* PBXContainerItemProxy */ = {
			isa = PBXContainerItemProxy;
			containerPortal = E5CA990424D0089A001720F9 /* AgoraRtcKit.xcodeproj */;
			proxyType = 1;
			remoteGlobalIDString = "native-tg";
			remoteInfo = "build-AgoraRtcKit";
		};
/* End PBXContainerItemProxy section */

/* Begin PBXCopyFilesBuildPhase section */
		E51C945324BC01E100A9777F /* Embed Frameworks */ = {
			isa = PBXCopyFilesBuildPhase;
			buildActionMask = 2147483647;
			dstPath = "";
			dstSubfolderSpec = 10;
			files = (
				E5CA992524D008B7001720F9 /* AgoraRtcKit.framework in Embed Frameworks */,
				E59EE4CC24BEEB6F0065ABE2 /* libagora_rtm_sdk.dylib in Embed Frameworks */,
			);
			name = "Embed Frameworks";
			runOnlyForDeploymentPostprocessing = 0;
		};
/* End PBXCopyFilesBuildPhase section */

/* Begin PBXFileReference section */
		E51C93E324BBEF8300A9777F /* pubGDemo.app */ = {isa = PBXFileReference; explicitFileType = wrapper.application; includeInIndex = 0; path = pubGDemo.app; sourceTree = BUILT_PRODUCTS_DIR; };
		E51C93E624BBEF8300A9777F /* AppDelegate.swift */ = {isa = PBXFileReference; lastKnownFileType = sourcecode.swift; path = AppDelegate.swift; sourceTree = "<group>"; };
		E51C93EA24BBEF8300A9777F /* ViewController.swift */ = {isa = PBXFileReference; lastKnownFileType = sourcecode.swift; path = ViewController.swift; sourceTree = "<group>"; };
		E51C93ED24BBEF8300A9777F /* Base */ = {isa = PBXFileReference; lastKnownFileType = file.storyboard; name = Base; path = Base.lproj/Main.storyboard; sourceTree = "<group>"; };
		E51C93EF24BBEF8600A9777F /* Assets.xcassets */ = {isa = PBXFileReference; lastKnownFileType = folder.assetcatalog; path = Assets.xcassets; sourceTree = "<group>"; };
		E51C93F224BBEF8600A9777F /* Base */ = {isa = PBXFileReference; lastKnownFileType = file.storyboard; name = Base; path = Base.lproj/LaunchScreen.storyboard; sourceTree = "<group>"; };
		E51C93F424BBEF8600A9777F /* Info.plist */ = {isa = PBXFileReference; lastKnownFileType = text.plist.xml; path = Info.plist; sourceTree = "<group>"; };
		E51C944F24BC01D700A9777F /* libcrypto.a */ = {isa = PBXFileReference; lastKnownFileType = archive.ar; name = libcrypto.a; path = ../media_sdk3/lib/ios/libcrypto.a; sourceTree = "<group>"; };
		E51C947624BC07A900A9777F /* pubGDemo-Bridging-Header.h */ = {isa = PBXFileReference; lastKnownFileType = sourcecode.c.h; path = "pubGDemo-Bridging-Header.h"; sourceTree = "<group>"; };
		E59EE4AA24BEEAFE0065ABE2 /* AgoraRtcCryptoLoader.xcodeproj */ = {isa = PBXFileReference; lastKnownFileType = "wrapper.pb-project"; name = AgoraRtcCryptoLoader.xcodeproj; path = ../media_sdk3/proj.ios/AgoraRtcCryptoLoaderStatic/AgoraRtcCryptoLoader.xcodeproj; sourceTree = "<group>"; };
		E59EE4CA24BEEB670065ABE2 /* libagora_rtm_sdk.dylib */ = {isa = PBXFileReference; lastKnownFileType = "compiled.mach-o.dylib"; name = libagora_rtm_sdk.dylib; path = ../media_sdk3/lib/ios/libagora_rtm_sdk.dylib; sourceTree = "<group>"; };
		E5CA990424D0089A001720F9 /* AgoraRtcKit.xcodeproj */ = {isa = PBXFileReference; lastKnownFileType = "wrapper.pb-project"; name = AgoraRtcKit.xcodeproj; path = ../media_sdk3/out/gme_sdk/iOS/debug/arm64/Users/fh/Desktop/workspaces/media_sdk3/AgoraRtcKit.xcodeproj; sourceTree = "<group>"; };
		E5E5AABE24BC54C8005BCC9D /* Yoga.h */ = {isa = PBXFileReference; fileEncoding = 4; lastKnownFileType = sourcecode.c.h; name = Yoga.h; path = pubGDemo/YC_YogaKit/Classes/Yoga.h; sourceTree = SOURCE_ROOT; };
		E5E5AABF24BC54C8005BCC9D /* YGLayout+Private.h */ = {isa = PBXFileReference; fileEncoding = 4; lastKnownFileType = sourcecode.c.h; name = "YGLayout+Private.h"; path = "pubGDemo/YC_YogaKit/Classes/YGLayout+Private.h"; sourceTree = SOURCE_ROOT; };
		E5E5AAC024BC54C8005BCC9D /* YGEnums.h */ = {isa = PBXFileReference; fileEncoding = 4; lastKnownFileType = sourcecode.c.h; name = YGEnums.h; path = pubGDemo/YC_YogaKit/Classes/YGEnums.h; sourceTree = SOURCE_ROOT; };
		E5E5AAC124BC54C8005BCC9D /* YGLayout.m */ = {isa = PBXFileReference; fileEncoding = 4; lastKnownFileType = sourcecode.c.objc; name = YGLayout.m; path = pubGDemo/YC_YogaKit/Classes/YGLayout.m; sourceTree = SOURCE_ROOT; };
		E5E5AAC224BC54C8005BCC9D /* YGLayoutExtensions.swift */ = {isa = PBXFileReference; fileEncoding = 4; lastKnownFileType = sourcecode.swift; name = YGLayoutExtensions.swift; path = pubGDemo/YC_YogaKit/Classes/YGLayoutExtensions.swift; sourceTree = SOURCE_ROOT; };
		E5E5AAC324BC54C8005BCC9D /* YGNodeList.c */ = {isa = PBXFileReference; fileEncoding = 4; lastKnownFileType = sourcecode.c.c; name = YGNodeList.c; path = pubGDemo/YC_YogaKit/Classes/YGNodeList.c; sourceTree = SOURCE_ROOT; };
		E5E5AAC424BC54C8005BCC9D /* YGNodeList.h */ = {isa = PBXFileReference; fileEncoding = 4; lastKnownFileType = sourcecode.c.h; name = YGNodeList.h; path = pubGDemo/YC_YogaKit/Classes/YGNodeList.h; sourceTree = SOURCE_ROOT; };
		E5E5AAC524BC54C8005BCC9D /* UIView+Yoga.m */ = {isa = PBXFileReference; fileEncoding = 4; lastKnownFileType = sourcecode.c.objc; name = "UIView+Yoga.m"; path = "pubGDemo/YC_YogaKit/Classes/UIView+Yoga.m"; sourceTree = SOURCE_ROOT; };
		E5E5AAC624BC54C8005BCC9D /* YGLayout.h */ = {isa = PBXFileReference; fileEncoding = 4; lastKnownFileType = sourcecode.c.h; name = YGLayout.h; path = pubGDemo/YC_YogaKit/Classes/YGLayout.h; sourceTree = SOURCE_ROOT; };
		E5E5AAC724BC54C8005BCC9D /* UIView+Yoga.h */ = {isa = PBXFileReference; fileEncoding = 4; lastKnownFileType = sourcecode.c.h; name = "UIView+Yoga.h"; path = "pubGDemo/YC_YogaKit/Classes/UIView+Yoga.h"; sourceTree = SOURCE_ROOT; };
		E5E5AAC824BC54C8005BCC9D /* YGMacros.h */ = {isa = PBXFileReference; fileEncoding = 4; lastKnownFileType = sourcecode.c.h; name = YGMacros.h; path = pubGDemo/YC_YogaKit/Classes/YGMacros.h; sourceTree = SOURCE_ROOT; };
		E5E5AAC924BC54C8005BCC9D /* Yoga.c */ = {isa = PBXFileReference; fileEncoding = 4; lastKnownFileType = sourcecode.c.c; name = Yoga.c; path = pubGDemo/YC_YogaKit/Classes/Yoga.c; sourceTree = SOURCE_ROOT; };
		E5E5AAE224BC57EC005BCC9D /* SettingVC.swift */ = {isa = PBXFileReference; lastKnownFileType = sourcecode.swift; path = SettingVC.swift; sourceTree = "<group>"; };
		E5E5AAE424BC6018005BCC9D /* ConfigModel.swift */ = {isa = PBXFileReference; lastKnownFileType = sourcecode.swift; path = ConfigModel.swift; sourceTree = "<group>"; };
/* End PBXFileReference section */

/* Begin PBXFrameworksBuildPhase section */
		E51C93E024BBEF8300A9777F /* Frameworks */ = {
			isa = PBXFrameworksBuildPhase;
			buildActionMask = 2147483647;
			files = (
				E5CA992424D008B7001720F9 /* AgoraRtcKit.framework in Frameworks */,
				E59EE4C724BEEB3B0065ABE2 /* libAgoraRtcCryptoLoader.a in Frameworks */,
				E59EE4CB24BEEB670065ABE2 /* libagora_rtm_sdk.dylib in Frameworks */,
				E51C945024BC01D700A9777F /* libcrypto.a in Frameworks */,
			);
			runOnlyForDeploymentPostprocessing = 0;
		};
/* End PBXFrameworksBuildPhase section */

/* Begin PBXGroup section */
		E51C93DA24BBEF8300A9777F = {
			isa = PBXGroup;
			children = (
				E5CA990424D0089A001720F9 /* AgoraRtcKit.xcodeproj */,
				E59EE4AA24BEEAFE0065ABE2 /* AgoraRtcCryptoLoader.xcodeproj */,
				E51C93E524BBEF8300A9777F /* pubGDemo */,
				E5E5AABD24BC54A9005BCC9D /* YogaKit */,
				E51C93E424BBEF8300A9777F /* Products */,
				E51C944C24BC01BE00A9777F /* Frameworks */,
			);
			sourceTree = "<group>";
		};
		E51C93E424BBEF8300A9777F /* Products */ = {
			isa = PBXGroup;
			children = (
				E51C93E324BBEF8300A9777F /* pubGDemo.app */,
			);
			name = Products;
			sourceTree = "<group>";
		};
		E51C93E524BBEF8300A9777F /* pubGDemo */ = {
			isa = PBXGroup;
			children = (
				E5E5AAE424BC6018005BCC9D /* ConfigModel.swift */,
				E51C93E624BBEF8300A9777F /* AppDelegate.swift */,
				E51C93EA24BBEF8300A9777F /* ViewController.swift */,
				E5E5AAE224BC57EC005BCC9D /* SettingVC.swift */,
				E51C93EC24BBEF8300A9777F /* Main.storyboard */,
				E51C93EF24BBEF8600A9777F /* Assets.xcassets */,
				E51C93F124BBEF8600A9777F /* LaunchScreen.storyboard */,
				E51C93F424BBEF8600A9777F /* Info.plist */,
				E51C947624BC07A900A9777F /* pubGDemo-Bridging-Header.h */,
			);
			path = pubGDemo;
			sourceTree = "<group>";
		};
		E51C944C24BC01BE00A9777F /* Frameworks */ = {
			isa = PBXGroup;
			children = (
				E59EE4CA24BEEB670065ABE2 /* libagora_rtm_sdk.dylib */,
				E51C944F24BC01D700A9777F /* libcrypto.a */,
			);
			name = Frameworks;
			sourceTree = "<group>";
		};
		E59EE4AB24BEEAFE0065ABE2 /* Products */ = {
			isa = PBXGroup;
			children = (
				E59EE4AF24BEEAFE0065ABE2 /* libAgoraRtcCryptoLoader.a */,
			);
			name = Products;
			sourceTree = "<group>";
		};
		E5CA990524D0089A001720F9 /* Products */ = {
			isa = PBXGroup;
			children = (
				E5CA991B24D0089A001720F9 /* AgoraRtcKit.framework */,
			);
			name = Products;
			sourceTree = "<group>";
		};
		E5E5AABD24BC54A9005BCC9D /* YogaKit */ = {
			isa = PBXGroup;
			children = (
				E5E5AAC724BC54C8005BCC9D /* UIView+Yoga.h */,
				E5E5AAC524BC54C8005BCC9D /* UIView+Yoga.m */,
				E5E5AAC024BC54C8005BCC9D /* YGEnums.h */,
				E5E5AAC624BC54C8005BCC9D /* YGLayout.h */,
				E5E5AAC124BC54C8005BCC9D /* YGLayout.m */,
				E5E5AABF24BC54C8005BCC9D /* YGLayout+Private.h */,
				E5E5AAC224BC54C8005BCC9D /* YGLayoutExtensions.swift */,
				E5E5AAC824BC54C8005BCC9D /* YGMacros.h */,
				E5E5AAC324BC54C8005BCC9D /* YGNodeList.c */,
				E5E5AAC424BC54C8005BCC9D /* YGNodeList.h */,
				E5E5AAC924BC54C8005BCC9D /* Yoga.c */,
				E5E5AABE24BC54C8005BCC9D /* Yoga.h */,
			);
			path = YogaKit;
			sourceTree = "<group>";
		};
/* End PBXGroup section */

/* Begin PBXNativeTarget section */
		E51C93E224BBEF8300A9777F /* pubGDemo */ = {
			isa = PBXNativeTarget;
			buildConfigurationList = E51C93F724BBEF8600A9777F /* Build configuration list for PBXNativeTarget "pubGDemo" */;
			buildPhases = (
				E51C93DF24BBEF8300A9777F /* Sources */,
				E51C93E024BBEF8300A9777F /* Frameworks */,
				E51C93E124BBEF8300A9777F /* Resources */,
				E51C945324BC01E100A9777F /* Embed Frameworks */,
			);
			buildRules = (
			);
			dependencies = (
				E5CA992224D008A4001720F9 /* PBXTargetDependency */,
			);
			name = pubGDemo;
			productName = pubGDemo;
			productReference = E51C93E324BBEF8300A9777F /* pubGDemo.app */;
			productType = "com.apple.product-type.application";
		};
/* End PBXNativeTarget section */

/* Begin PBXProject section */
		E51C93DB24BBEF8300A9777F /* Project object */ = {
			isa = PBXProject;
			attributes = {
				LastSwiftUpdateCheck = 1150;
				LastUpgradeCheck = 1150;
				ORGANIZATIONNAME = Fuhan;
				TargetAttributes = {
					E51C93E224BBEF8300A9777F = {
						CreatedOnToolsVersion = 11.5;
					};
				};
			};
			buildConfigurationList = E51C93DE24BBEF8300A9777F /* Build configuration list for PBXProject "pubGDemo" */;
			compatibilityVersion = "Xcode 9.3";
			developmentRegion = en;
			hasScannedForEncodings = 0;
			knownRegions = (
				en,
				Base,
			);
			mainGroup = E51C93DA24BBEF8300A9777F;
			productRefGroup = E51C93E424BBEF8300A9777F /* Products */;
			projectDirPath = "";
			projectReferences = (
				{
					ProductGroup = E59EE4AB24BEEAFE0065ABE2 /* Products */;
					ProjectRef = E59EE4AA24BEEAFE0065ABE2 /* AgoraRtcCryptoLoader.xcodeproj */;
				},
				{
					ProductGroup = E5CA990524D0089A001720F9 /* Products */;
					ProjectRef = E5CA990424D0089A001720F9 /* AgoraRtcKit.xcodeproj */;
				},
			);
			projectRoot = "";
			targets = (
				E51C93E224BBEF8300A9777F /* pubGDemo */,
			);
		};
/* End PBXProject section */

/* Begin PBXReferenceProxy section */
		E59EE4AF24BEEAFE0065ABE2 /* libAgoraRtcCryptoLoader.a */ = {
			isa = PBXReferenceProxy;
			fileType = archive.ar;
			path = libAgoraRtcCryptoLoader.a;
			remoteRef = E59EE4AE24BEEAFE0065ABE2 /* PBXContainerItemProxy */;
			sourceTree = BUILT_PRODUCTS_DIR;
		};
		E5CA991B24D0089A001720F9 /* AgoraRtcKit.framework */ = {
			isa = PBXReferenceProxy;
			fileType = wrapper.framework;
			path = AgoraRtcKit.framework;
			remoteRef = E5CA991A24D0089A001720F9 /* PBXContainerItemProxy */;
			sourceTree = BUILT_PRODUCTS_DIR;
		};
/* End PBXReferenceProxy section */

/* Begin PBXResourcesBuildPhase section */
		E51C93E124BBEF8300A9777F /* Resources */ = {
			isa = PBXResourcesBuildPhase;
			buildActionMask = 2147483647;
			files = (
				E51C93F324BBEF8600A9777F /* LaunchScreen.storyboard in Resources */,
				E51C93F024BBEF8600A9777F /* Assets.xcassets in Resources */,
				E51C93EE24BBEF8300A9777F /* Main.storyboard in Resources */,
			);
			runOnlyForDeploymentPostprocessing = 0;
		};
/* End PBXResourcesBuildPhase section */

/* Begin PBXSourcesBuildPhase section */
		E51C93DF24BBEF8300A9777F /* Sources */ = {
			isa = PBXSourcesBuildPhase;
			buildActionMask = 2147483647;
			files = (
				E5E5AACD24BC54C8005BCC9D /* UIView+Yoga.m in Sources */,
				E5E5AAE524BC6018005BCC9D /* ConfigModel.swift in Sources */,
				E5E5AAE324BC57EC005BCC9D /* SettingVC.swift in Sources */,
				E5E5AACA24BC54C8005BCC9D /* YGLayout.m in Sources */,
				E5E5AACB24BC54C8005BCC9D /* YGLayoutExtensions.swift in Sources */,
				E5E5AACE24BC54C8005BCC9D /* Yoga.c in Sources */,
				E51C93EB24BBEF8300A9777F /* ViewController.swift in Sources */,
				E5E5AACC24BC54C8005BCC9D /* YGNodeList.c in Sources */,
				E51C93E724BBEF8300A9777F /* AppDelegate.swift in Sources */,
			);
			runOnlyForDeploymentPostprocessing = 0;
		};
/* End PBXSourcesBuildPhase section */

/* Begin PBXTargetDependency section */
		E5CA992224D008A4001720F9 /* PBXTargetDependency */ = {
			isa = PBXTargetDependency;
			name = "build-AgoraRtcKit";
			targetProxy = E5CA992124D008A4001720F9 /* PBXContainerItemProxy */;
		};
/* End PBXTargetDependency section */

/* Begin PBXVariantGroup section */
		E51C93EC24BBEF8300A9777F /* Main.storyboard */ = {
			isa = PBXVariantGroup;
			children = (
				E51C93ED24BBEF8300A9777F /* Base */,
			);
			name = Main.storyboard;
			sourceTree = "<group>";
		};
		E51C93F124BBEF8600A9777F /* LaunchScreen.storyboard */ = {
			isa = PBXVariantGroup;
			children = (
				E51C93F224BBEF8600A9777F /* Base */,
			);
			name = LaunchScreen.storyboard;
			sourceTree = "<group>";
		};
/* End PBXVariantGroup section */

/* Begin XCBuildConfiguration section */
		E51C93F524BBEF8600A9777F /* Debug */ = {
			isa = XCBuildConfiguration;
			buildSettings = {
				ALWAYS_SEARCH_USER_PATHS = NO;
				CLANG_ANALYZER_NONNULL = YES;
				CLANG_ANALYZER_NUMBER_OBJECT_CONVERSION = YES_AGGRESSIVE;
				CLANG_CXX_LANGUAGE_STANDARD = "gnu++14";
				CLANG_CXX_LIBRARY = "libc++";
				CLANG_ENABLE_MODULES = YES;
				CLANG_ENABLE_OBJC_ARC = YES;
				CLANG_ENABLE_OBJC_WEAK = YES;
				CLANG_WARN_BLOCK_CAPTURE_AUTORELEASING = YES;
				CLANG_WARN_BOOL_CONVERSION = YES;
				CLANG_WARN_COMMA = YES;
				CLANG_WARN_CONSTANT_CONVERSION = YES;
				CLANG_WARN_DEPRECATED_OBJC_IMPLEMENTATIONS = YES;
				CLANG_WARN_DIRECT_OBJC_ISA_USAGE = YES_ERROR;
				CLANG_WARN_DOCUMENTATION_COMMENTS = YES;
				CLANG_WARN_EMPTY_BODY = YES;
				CLANG_WARN_ENUM_CONVERSION = YES;
				CLANG_WARN_INFINITE_RECURSION = YES;
				CLANG_WARN_INT_CONVERSION = YES;
				CLANG_WARN_NON_LITERAL_NULL_CONVERSION = YES;
				CLANG_WARN_OBJC_IMPLICIT_RETAIN_SELF = YES;
				CLANG_WARN_OBJC_LITERAL_CONVERSION = YES;
				CLANG_WARN_OBJC_ROOT_CLASS = YES_ERROR;
				CLANG_WARN_RANGE_LOOP_ANALYSIS = YES;
				CLANG_WARN_STRICT_PROTOTYPES = YES;
				CLANG_WARN_SUSPICIOUS_MOVE = YES;
				CLANG_WARN_UNGUARDED_AVAILABILITY = YES_AGGRESSIVE;
				CLANG_WARN_UNREACHABLE_CODE = YES;
				CLANG_WARN__DUPLICATE_METHOD_MATCH = YES;
				COPY_PHASE_STRIP = NO;
				DEBUG_INFORMATION_FORMAT = dwarf;
				ENABLE_STRICT_OBJC_MSGSEND = YES;
				ENABLE_TESTABILITY = YES;
				GCC_C_LANGUAGE_STANDARD = gnu11;
				GCC_DYNAMIC_NO_PIC = NO;
				GCC_NO_COMMON_BLOCKS = YES;
				GCC_OPTIMIZATION_LEVEL = 0;
				GCC_PREPROCESSOR_DEFINITIONS = (
					"DEBUG=1",
					"$(inherited)",
				);
				GCC_WARN_64_TO_32_BIT_CONVERSION = YES;
				GCC_WARN_ABOUT_RETURN_TYPE = YES_ERROR;
				GCC_WARN_UNDECLARED_SELECTOR = YES;
				GCC_WARN_UNINITIALIZED_AUTOS = YES_AGGRESSIVE;
				GCC_WARN_UNUSED_FUNCTION = YES;
				GCC_WARN_UNUSED_VARIABLE = YES;
				IPHONEOS_DEPLOYMENT_TARGET = 13.5;
				MTL_ENABLE_DEBUG_INFO = INCLUDE_SOURCE;
				MTL_FAST_MATH = YES;
				ONLY_ACTIVE_ARCH = YES;
				SDKROOT = iphoneos;
				SWIFT_ACTIVE_COMPILATION_CONDITIONS = DEBUG;
				SWIFT_OPTIMIZATION_LEVEL = "-Onone";
			};
			name = Debug;
		};
		E51C93F624BBEF8600A9777F /* Release */ = {
			isa = XCBuildConfiguration;
			buildSettings = {
				ALWAYS_SEARCH_USER_PATHS = NO;
				CLANG_ANALYZER_NONNULL = YES;
				CLANG_ANALYZER_NUMBER_OBJECT_CONVERSION = YES_AGGRESSIVE;
				CLANG_CXX_LANGUAGE_STANDARD = "gnu++14";
				CLANG_CXX_LIBRARY = "libc++";
				CLANG_ENABLE_MODULES = YES;
				CLANG_ENABLE_OBJC_ARC = YES;
				CLANG_ENABLE_OBJC_WEAK = YES;
				CLANG_WARN_BLOCK_CAPTURE_AUTORELEASING = YES;
				CLANG_WARN_BOOL_CONVERSION = YES;
				CLANG_WARN_COMMA = YES;
				CLANG_WARN_CONSTANT_CONVERSION = YES;
				CLANG_WARN_DEPRECATED_OBJC_IMPLEMENTATIONS = YES;
				CLANG_WARN_DIRECT_OBJC_ISA_USAGE = YES_ERROR;
				CLANG_WARN_DOCUMENTATION_COMMENTS = YES;
				CLANG_WARN_EMPTY_BODY = YES;
				CLANG_WARN_ENUM_CONVERSION = YES;
				CLANG_WARN_INFINITE_RECURSION = YES;
				CLANG_WARN_INT_CONVERSION = YES;
				CLANG_WARN_NON_LITERAL_NULL_CONVERSION = YES;
				CLANG_WARN_OBJC_IMPLICIT_RETAIN_SELF = YES;
				CLANG_WARN_OBJC_LITERAL_CONVERSION = YES;
				CLANG_WARN_OBJC_ROOT_CLASS = YES_ERROR;
				CLANG_WARN_RANGE_LOOP_ANALYSIS = YES;
				CLANG_WARN_STRICT_PROTOTYPES = YES;
				CLANG_WARN_SUSPICIOUS_MOVE = YES;
				CLANG_WARN_UNGUARDED_AVAILABILITY = YES_AGGRESSIVE;
				CLANG_WARN_UNREACHABLE_CODE = YES;
				CLANG_WARN__DUPLICATE_METHOD_MATCH = YES;
				COPY_PHASE_STRIP = NO;
				DEBUG_INFORMATION_FORMAT = "dwarf-with-dsym";
				ENABLE_NS_ASSERTIONS = NO;
				ENABLE_STRICT_OBJC_MSGSEND = YES;
				GCC_C_LANGUAGE_STANDARD = gnu11;
				GCC_NO_COMMON_BLOCKS = YES;
				GCC_WARN_64_TO_32_BIT_CONVERSION = YES;
				GCC_WARN_ABOUT_RETURN_TYPE = YES_ERROR;
				GCC_WARN_UNDECLARED_SELECTOR = YES;
				GCC_WARN_UNINITIALIZED_AUTOS = YES_AGGRESSIVE;
				GCC_WARN_UNUSED_FUNCTION = YES;
				GCC_WARN_UNUSED_VARIABLE = YES;
				IPHONEOS_DEPLOYMENT_TARGET = 13.5;
				MTL_ENABLE_DEBUG_INFO = NO;
				MTL_FAST_MATH = YES;
				SDKROOT = iphoneos;
				SWIFT_COMPILATION_MODE = wholemodule;
				SWIFT_OPTIMIZATION_LEVEL = "-O";
				VALIDATE_PRODUCT = YES;
			};
			name = Release;
		};
		E51C93F824BBEF8600A9777F /* Debug */ = {
			isa = XCBuildConfiguration;
			buildSettings = {
				ASSETCATALOG_COMPILER_APPICON_NAME = AppIcon;
				CODE_SIGN_IDENTITY = "iPhone Developer";
				CODE_SIGN_STYLE = Manual;
				DEVELOPMENT_TEAM = JDPG69R49Z;
				INFOPLIST_FILE = pubGDemo/Info.plist;
				IPHONEOS_DEPLOYMENT_TARGET = 11.4;
				LD_RUNPATH_SEARCH_PATHS = (
					"$(inherited)",
					"@executable_path/Frameworks",
				);
				LIBRARY_SEARCH_PATHS = ../media_sdk3/lib/ios;
				PRODUCT_BUNDLE_IDENTIFIER = io.agora.pubGAudioDemo;
				PRODUCT_NAME = "$(TARGET_NAME)";
				PROVISIONING_PROFILE_SPECIFIER = AgoraLab2020;
				SWIFT_OBJC_BRIDGING_HEADER = "./pubGDemo/pubGDemo-Bridging-Header.h";
				SWIFT_VERSION = 5.0;
				TARGETED_DEVICE_FAMILY = "1,2";
			};
			name = Debug;
		};
		E51C93F924BBEF8600A9777F /* Release */ = {
			isa = XCBuildConfiguration;
			buildSettings = {
				ASSETCATALOG_COMPILER_APPICON_NAME = AppIcon;
				CODE_SIGN_IDENTITY = "iPhone Developer";
				CODE_SIGN_STYLE = Manual;
				DEVELOPMENT_TEAM = JDPG69R49Z;
				INFOPLIST_FILE = pubGDemo/Info.plist;
				IPHONEOS_DEPLOYMENT_TARGET = 11.4;
				LD_RUNPATH_SEARCH_PATHS = (
					"$(inherited)",
					"@executable_path/Frameworks",
				);
				LIBRARY_SEARCH_PATHS = ../media_sdk3/lib/ios;
				PRODUCT_BUNDLE_IDENTIFIER = io.agora.pubGAudioDemo;
				PRODUCT_NAME = "$(TARGET_NAME)";
				PROVISIONING_PROFILE_SPECIFIER = AgoraLab2020;
				SWIFT_OBJC_BRIDGING_HEADER = "./pubGDemo/pubGDemo-Bridging-Header.h";
				SWIFT_VERSION = 5.0;
				TARGETED_DEVICE_FAMILY = "1,2";
			};
			name = Release;
		};
/* End XCBuildConfiguration section */

/* Begin XCConfigurationList section */
		E51C93DE24BBEF8300A9777F /* Build configuration list for PBXProject "pubGDemo" */ = {
			isa = XCConfigurationList;
			buildConfigurations = (
				E51C93F524BBEF8600A9777F /* Debug */,
				E51C93F624BBEF8600A9777F /* Release */,
			);
			defaultConfigurationIsVisible = 0;
			defaultConfigurationName = Release;
		};
		E51C93F724BBEF8600A9777F /* Build configuration list for PBXNativeTarget "pubGDemo" */ = {
			isa = XCConfigurationList;
			buildConfigurations = (
				E51C93F824BBEF8600A9777F /* Debug */,
				E51C93F924BBEF8600A9777F /* Release */,
			);
			defaultConfigurationIsVisible = 0;
			defaultConfigurationName = Release;
		};
/* End XCConfigurationList section */
	};
	rootObject = E51C93DB24BBEF8300A9777F /* Project object */;
}
